
Microsoft Visual Studio Solution File, Format Version 12.00
# Visual Studio Version 17
VisualStudioVersion = 17.0.31903.59
MinimumVisualStudioVersion = 10.0.40219.1
Project("{9A19103F-16F7-4668-BE54-9A1E7A4F7556}") = "TeduMicroservices.IDP", "src\TeduMicroservices.IDP\TeduMicroservices.IDP.csproj", "{605788E4-F0A8-4491-8CF6-861ED459F555}"
EndProject
Global
	GlobalSection(SolutionConfigurationPlatforms) = preSolution
		Debug|Any CPU = Debug|Any CPU
		Release|Any CPU = Release|Any CPU
	EndGlobalSection
	GlobalSection(ProjectConfigurationPlatforms) = postSolution
		{605788E4-F0A8-4491-8CF6-861ED459F555}.Debug|Any CPU.ActiveCfg = Debug|Any CPU
		{605788E4-F0A8-4491-8CF6-861ED459F555}.Debug|Any CPU.Build.0 = Debug|Any CPU
		{605788E4-F0A8-4491-8CF6-861ED459F555}.Release|Any CPU.ActiveCfg = Release|Any CPU
		{605788E4-F0A8-4491-8CF6-861ED459F555}.Release|Any CPU.Build.0 = Release|Any CPU
	EndGlobalSection
	GlobalSection(SolutionProperties) = preSolution
		HideSolutionNode = FALSE
	EndGlobalSection
	GlobalSection(ExtensibilityGlobals) = postSolution
		SolutionGuid = {9C35CDE3-1810-429E-B27C-937C6AA2F72C}
	EndGlobalSection
EndGlobal
